
Microsoft Visual Studio Solution File, Format Version 12.00
# Visual Studio Version 16
VisualStudioVersion = 16.0.29409.12
MinimumVisualStudioVersion = 10.0.40219.1
Project("{9A19103F-16F7-4668-BE54-9A1E7A4F7556}") = "Office Installer Tool", "Office Installer Tool\Office Installer Tool.csproj", "{422CEF90-A5EB-40B3-A638-8744B4C25D36}"
EndProject
Global
	GlobalSection(SolutionConfigurationPlatforms) = preSolution
		Debug|Any CPU = Debug|Any CPU
		Release|Any CPU = Release|Any CPU
	EndGlobalSection
	GlobalSection(ProjectConfigurationPlatforms) = postSolution
		{422CEF90-A5EB-40B3-A638-8744B4C25D36}.Debug|Any CPU.ActiveCfg = Debug|Any CPU
		{422CEF90-A5EB-40B3-A638-8744B4C25D36}.Debug|Any CPU.Build.0 = Debug|Any CPU
		{422CEF90-A5EB-40B3-A638-8744B4C25D36}.Release|Any CPU.ActiveCfg = Release|Any CPU
		{422CEF90-A5EB-40B3-A638-8744B4C25D36}.Release|Any CPU.Build.0 = Release|Any CPU
	EndGlobalSection
	GlobalSection(SolutionProperties) = preSolution
		HideSolutionNode = FALSE
	EndGlobalSection
	GlobalSection(ExtensibilityGlobals) = postSolution
		SolutionGuid = {AD248BC0-A92C-45CB-932C-4913465F90E2}
	EndGlobalSection
EndGlobal
